
Microsoft Visual Studio Solution File, Format Version 12.00
# Visual Studio Version 17
VisualStudioVersion = 17.13.35818.85
MinimumVisualStudioVersion = 10.0.40219.1
Project("{FAE04EC0-301F-11D3-BF4B-00C04F79EFBC}") = "BarberSuite.Domain", "Src\Core\BarberSuite.Domain\BarberSuite.Domain.csproj", "{54D24751-884A-480D-9280-01DF1B8A1657}"
EndProject
Project("{FAE04EC0-301F-11D3-BF4B-00C04F79EFBC}") = "BarberSuite.Application", "Src\Core\BarberSuite.Application\BarberSuite.Application.csproj", "{7D69D37F-BA77-4500-B8AF-A49B0ACDF019}"
EndProject
Project("{FAE04EC0-301F-11D3-BF4B-00C04F79EFBC}") = "BarberSuite.Infrastructure", "Src\Infrastructure\BarberSuite.Infrastructure\BarberSuite.Infrastructure.csproj", "{792BE828-7E52-45CF-A26B-96F683E6473E}"
EndProject
Project("{FAE04EC0-301F-11D3-BF4B-00C04F79EFBC}") = "BarberSuite.WebApi", "Src\Presentation\BarberSuite.WebApi\BarberSuite.WebApi.csproj", "{E571AD4D-444D-4670-9205-1DB3B07881AE}"
EndProject
Global
	GlobalSection(SolutionConfigurationPlatforms) = preSolution
		Debug|Any CPU = Debug|Any CPU
		Release|Any CPU = Release|Any CPU
	EndGlobalSection
	GlobalSection(ProjectConfigurationPlatforms) = postSolution
		{54D24751-884A-480D-9280-01DF1B8A1657}.Debug|Any CPU.ActiveCfg = Debug|Any CPU
		{54D24751-884A-480D-9280-01DF1B8A1657}.Debug|Any CPU.Build.0 = Debug|Any CPU
		{54D24751-884A-480D-9280-01DF1B8A1657}.Release|Any CPU.ActiveCfg = Release|Any CPU
		{54D24751-884A-480D-9280-01DF1B8A1657}.Release|Any CPU.Build.0 = Release|Any CPU
		{7D69D37F-BA77-4500-B8AF-A49B0ACDF019}.Debug|Any CPU.ActiveCfg = Debug|Any CPU
		{7D69D37F-BA77-4500-B8AF-A49B0ACDF019}.Debug|Any CPU.Build.0 = Debug|Any CPU
		{7D69D37F-BA77-4500-B8AF-A49B0ACDF019}.Release|Any CPU.ActiveCfg = Release|Any CPU
		{7D69D37F-BA77-4500-B8AF-A49B0ACDF019}.Release|Any CPU.Build.0 = Release|Any CPU
		{792BE828-7E52-45CF-A26B-96F683E6473E}.Debug|Any CPU.ActiveCfg = Debug|Any CPU
		{792BE828-7E52-45CF-A26B-96F683E6473E}.Debug|Any CPU.Build.0 = Debug|Any CPU
		{792BE828-7E52-45CF-A26B-96F683E6473E}.Release|Any CPU.ActiveCfg = Release|Any CPU
		{792BE828-7E52-45CF-A26B-96F683E6473E}.Release|Any CPU.Build.0 = Release|Any CPU
		{E571AD4D-444D-4670-9205-1DB3B07881AE}.Debug|Any CPU.ActiveCfg = Debug|Any CPU
		{E571AD4D-444D-4670-9205-1DB3B07881AE}.Debug|Any CPU.Build.0 = Debug|Any CPU
		{E571AD4D-444D-4670-9205-1DB3B07881AE}.Release|Any CPU.ActiveCfg = Release|Any CPU
		{E571AD4D-444D-4670-9205-1DB3B07881AE}.Release|Any CPU.Build.0 = Release|Any CPU
	EndGlobalSection
	GlobalSection(SolutionProperties) = preSolution
		HideSolutionNode = FALSE
	EndGlobalSection
	GlobalSection(ExtensibilityGlobals) = postSolution
		SolutionGuid = {8B7367FB-63DB-43EC-A879-FCE0FA62BD73}
	EndGlobalSection
EndGlobal
